
Microsoft Visual Studio Solution File, Format Version 12.00
# Visual Studio Version 16
VisualStudioVersion = 16.0.30804.86
MinimumVisualStudioVersion = 10.0.40219.1
Project("{FAE04EC0-301F-11D3-BF4B-00C04F79EFBC}") = "masivProject", "masivProject\masivProject.csproj", "{FAC1DA0F-8E9C-4323-AB16-9CAF051D752C}"
EndProject
Global
	GlobalSection(SolutionConfigurationPlatforms) = preSolution
		Debug|Any CPU = Debug|Any CPU
		Release|Any CPU = Release|Any CPU
	EndGlobalSection
	GlobalSection(ProjectConfigurationPlatforms) = postSolution
		{FAC1DA0F-8E9C-4323-AB16-9CAF051D752C}.Debug|Any CPU.ActiveCfg = Debug|Any CPU
		{FAC1DA0F-8E9C-4323-AB16-9CAF051D752C}.Debug|Any CPU.Build.0 = Debug|Any CPU
		{FAC1DA0F-8E9C-4323-AB16-9CAF051D752C}.Release|Any CPU.ActiveCfg = Release|Any CPU
		{FAC1DA0F-8E9C-4323-AB16-9CAF051D752C}.Release|Any CPU.Build.0 = Release|Any CPU
	EndGlobalSection
	GlobalSection(SolutionProperties) = preSolution
		HideSolutionNode = FALSE
	EndGlobalSection
	GlobalSection(ExtensibilityGlobals) = postSolution
		SolutionGuid = {6198B3FA-37A7-49C3-B514-30DDF08FA4F7}
	EndGlobalSection
EndGlobal
